
Microsoft Visual Studio Solution File, Format Version 12.00
# Visual Studio 15
VisualStudioVersion = 15.0.27703.2018
MinimumVisualStudioVersion = 10.0.40219.1
Project("{E24C65DC-7377-472B-9ABA-BC803B73C61A}") = "OneDrive", "..\..\..\OneDrive\", "{4FBDBDE9-0A89-4B69-BD82-B36763585C82}"
	ProjectSection(WebsiteProperties) = preProject
		TargetFrameworkMoniker = ".NETFramework,Version%3Dv4.0"
		Debug.AspNetCompiler.VirtualPath = "/localhost_57472"
		Debug.AspNetCompiler.PhysicalPath = "..\..\..\OneDrive\"
		Debug.AspNetCompiler.TargetPath = "PrecompiledWeb\localhost_57472\"
		Debug.AspNetCompiler.Updateable = "true"
		Debug.AspNetCompiler.ForceOverwrite = "true"
		Debug.AspNetCompiler.FixedNames = "false"
		Debug.AspNetCompiler.Debug = "True"
		Release.AspNetCompiler.VirtualPath = "/localhost_57472"
		Release.AspNetCompiler.PhysicalPath = "..\..\..\OneDrive\"
		Release.AspNetCompiler.TargetPath = "PrecompiledWeb\localhost_57472\"
		Release.AspNetCompiler.Updateable = "true"
		Release.AspNetCompiler.ForceOverwrite = "true"
		Release.AspNetCompiler.FixedNames = "false"
		Release.AspNetCompiler.Debug = "False"
		VWDPort = "57472"
	EndProjectSection
EndProject
Global
	GlobalSection(SolutionConfigurationPlatforms) = preSolution
		Debug|Any CPU = Debug|Any CPU
	EndGlobalSection
	GlobalSection(ProjectConfigurationPlatforms) = postSolution
		{4FBDBDE9-0A89-4B69-BD82-B36763585C82}.Debug|Any CPU.ActiveCfg = Debug|Any CPU
		{4FBDBDE9-0A89-4B69-BD82-B36763585C82}.Debug|Any CPU.Build.0 = Debug|Any CPU
	EndGlobalSection
	GlobalSection(SolutionProperties) = preSolution
		HideSolutionNode = FALSE
	EndGlobalSection
	GlobalSection(ExtensibilityGlobals) = postSolution
		SolutionGuid = {0019369C-6182-4F83-A648-581C3AE0069E}
	EndGlobalSection
EndGlobal
